// !$*UTF8*$!
{
	archiveVersion = 1;
	classes = {
	};
	objectVersion = 63;
	objects = {

/* Begin PBXBuildFile section */
		02DB7F25245D03FF72DD8E2E /* ControlView.swift in Sources */ = {isa = PBXBuildFile; fileRef = A84519FDE8FC75084938B292 /* ControlView.swift */; };
		0620B298DEF91DFCAE050DAC /* Assets.xcassets in Resources */ = {isa = PBXBuildFile; fileRef = 66A48A20D2178760301256C9 /* Assets.xcassets */; };
		29372E691F6A5C5D2CCD9331 /* HistoryView.swift in Sources */ = {isa = PBXBuildFile; fileRef = 5A09A33A3A1A99446C8A88DC /* HistoryView.swift */; };
		4B50B97618C0CC469FF64592 /* Theme.swift in Sources */ = {isa = PBXBuildFile; fileRef = 504A1222CE8971417834D229 /* Theme.swift */; };
		4D0CF2666262F45370D000DF /* TerminalView.swift in Sources */ = {isa = PBXBuildFile; fileRef = 0AC6317C4EAD4DB9A8190209 /* TerminalView.swift */; };
		5152C5313CD5AC01276D0AE6 /* FileEntry.swift in Sources */ = {isa = PBXBuildFile; fileRef = BA70A2A73D3A386EAFD69FC4 /* FileEntry.swift */; };
		6865FE997D3E1D91D411F6BC /* LoadingView.swift in Sources */ = {isa = PBXBuildFile; fileRef = 2B9834D4EE32058824F9DF00 /* LoadingView.swift */; };
		6B87076797C9DFA01E24CC76 /* FilesView.swift in Sources */ = {isa = PBXBuildFile; fileRef = 5908645A518F48B501390AB8 /* FilesView.swift */; };
		999ACAA94B0BD81A05288092 /* GlassCard.swift in Sources */ = {isa = PBXBuildFile; fileRef = EB5A4720378F06807FDE73E1 /* GlassCard.swift */; };
		9BC40E40E1B5622B24328AEB /* Mission.swift in Sources */ = {isa = PBXBuildFile; fileRef = D4AB47CF121ABA1946A4D879 /* Mission.swift */; };
		AA02567226057045DDD61CB1 /* ContentView.swift in Sources */ = {isa = PBXBuildFile; fileRef = 99B57FC3136B64DC87413CA6 /* ContentView.swift */; };
		CA70EC5A864C3D007D42E781 /* ChatMessage.swift in Sources */ = {isa = PBXBuildFile; fileRef = 3CB591B632D3EF26AB217976 /* ChatMessage.swift */; };
		D64972881E36894950658708 /* APIService.swift in Sources */ = {isa = PBXBuildFile; fileRef = CBC90C32FEF604E025FFBF78 /* APIService.swift */; };
		DA4634D7424AF3FC985987E7 /* GlassButton.swift in Sources */ = {isa = PBXBuildFile; fileRef = 5267DE67017A858357F68424 /* GlassButton.swift */; };
		FA7E68F22D16E1AC0B5F5E22 /* StatusBadge.swift in Sources */ = {isa = PBXBuildFile; fileRef = CD6FB2E54DC07BE7A1EB08F8 /* StatusBadge.swift */; };
		FF9C447978711CBA9185B8B0 /* OpenAgentDashboardApp.swift in Sources */ = {isa = PBXBuildFile; fileRef = 139C740B7D55C13F3B167EF3 /* OpenAgentDashboardApp.swift */; };
/* End PBXBuildFile section */

/* Begin PBXFileReference section */
		0AC6317C4EAD4DB9A8190209 /* TerminalView.swift */ = {isa = PBXFileReference; lastKnownFileType = sourcecode.swift; path = TerminalView.swift; sourceTree = "<group>"; };
		139C740B7D55C13F3B167EF3 /* OpenAgentDashboardApp.swift */ = {isa = PBXFileReference; lastKnownFileType = sourcecode.swift; path = OpenAgentDashboardApp.swift; sourceTree = "<group>"; };
		2B9834D4EE32058824F9DF00 /* LoadingView.swift */ = {isa = PBXFileReference; lastKnownFileType = sourcecode.swift; path = LoadingView.swift; sourceTree = "<group>"; };
		3CB591B632D3EF26AB217976 /* ChatMessage.swift */ = {isa = PBXFileReference; lastKnownFileType = sourcecode.swift; path = ChatMessage.swift; sourceTree = "<group>"; };
		43A2EBAE84C0FFDCA5E1D66E /* OpenAgentDashboard.entitlements */ = {isa = PBXFileReference; lastKnownFileType = text.plist.entitlements; path = OpenAgentDashboard.entitlements; sourceTree = "<group>"; };
		4D3D6B3EA3B04DE534F9709A /* Info.plist */ = {isa = PBXFileReference; lastKnownFileType = text.plist; path = Info.plist; sourceTree = "<group>"; };
		504A1222CE8971417834D229 /* Theme.swift */ = {isa = PBXFileReference; lastKnownFileType = sourcecode.swift; path = Theme.swift; sourceTree = "<group>"; };
		5267DE67017A858357F68424 /* GlassButton.swift */ = {isa = PBXFileReference; lastKnownFileType = sourcecode.swift; path = GlassButton.swift; sourceTree = "<group>"; };
		5908645A518F48B501390AB8 /* FilesView.swift */ = {isa = PBXFileReference; lastKnownFileType = sourcecode.swift; path = FilesView.swift; sourceTree = "<group>"; };
		5A09A33A3A1A99446C8A88DC /* HistoryView.swift */ = {isa = PBXFileReference; lastKnownFileType = sourcecode.swift; path = HistoryView.swift; sourceTree = "<group>"; };
		66A48A20D2178760301256C9 /* Assets.xcassets */ = {isa = PBXFileReference; lastKnownFileType = folder.assetcatalog; path = Assets.xcassets; sourceTree = "<group>"; };
		99B57FC3136B64DC87413CA6 /* ContentView.swift */ = {isa = PBXFileReference; lastKnownFileType = sourcecode.swift; path = ContentView.swift; sourceTree = "<group>"; };
		A84519FDE8FC75084938B292 /* ControlView.swift */ = {isa = PBXFileReference; lastKnownFileType = sourcecode.swift; path = ControlView.swift; sourceTree = "<group>"; };
		BA70A2A73D3A386EAFD69FC4 /* FileEntry.swift */ = {isa = PBXFileReference; lastKnownFileType = sourcecode.swift; path = FileEntry.swift; sourceTree = "<group>"; };
		CBC90C32FEF604E025FFBF78 /* APIService.swift */ = {isa = PBXFileReference; lastKnownFileType = sourcecode.swift; path = APIService.swift; sourceTree = "<group>"; };
		CD6FB2E54DC07BE7A1EB08F8 /* StatusBadge.swift */ = {isa = PBXFileReference; lastKnownFileType = sourcecode.swift; path = StatusBadge.swift; sourceTree = "<group>"; };
		D4AB47CF121ABA1946A4D879 /* Mission.swift */ = {isa = PBXFileReference; lastKnownFileType = sourcecode.swift; path = Mission.swift; sourceTree = "<group>"; };
		EB5A4720378F06807FDE73E1 /* GlassCard.swift */ = {isa = PBXFileReference; lastKnownFileType = sourcecode.swift; path = GlassCard.swift; sourceTree = "<group>"; };
		F51395D8FB559D3C79AAA0A4 /* Open Agent.app */ = {isa = PBXFileReference; explicitFileType = wrapper.application; includeInIndex = 0; path = "Open Agent.app"; sourceTree = BUILT_PRODUCTS_DIR; };
/* End PBXFileReference section */

/* Begin PBXGroup section */
		0C1185300420EEF31B892A3A /* Files */ = {
			isa = PBXGroup;
			children = (
				5908645A518F48B501390AB8 /* FilesView.swift */,
			);
			path = Files;
			sourceTree = "<group>";
		};
		0D9369EE2F3374EAA1EF332E /* Terminal */ = {
			isa = PBXGroup;
			children = (
				0AC6317C4EAD4DB9A8190209 /* TerminalView.swift */,
			);
			path = Terminal;
			sourceTree = "<group>";
		};
		1B2400F48D7D400DF42A11F0 /* DesignSystem */ = {
			isa = PBXGroup;
			children = (
				504A1222CE8971417834D229 /* Theme.swift */,
			);
			path = DesignSystem;
			sourceTree = "<group>";
		};
		279F9B8FE97DDCBF76C2E85E /* Products */ = {
			isa = PBXGroup;
			children = (
				F51395D8FB559D3C79AAA0A4 /* Open Agent.app */,
			);
			name = Products;
			sourceTree = "<group>";
		};
		2EF415E84544334B25BD8E26 /* Components */ = {
			isa = PBXGroup;
			children = (
				5267DE67017A858357F68424 /* GlassButton.swift */,
				EB5A4720378F06807FDE73E1 /* GlassCard.swift */,
				2B9834D4EE32058824F9DF00 /* LoadingView.swift */,
				CD6FB2E54DC07BE7A1EB08F8 /* StatusBadge.swift */,
			);
			path = Components;
			sourceTree = "<group>";
		};
		5A40B212F0D2055C1C499FCC /* History */ = {
			isa = PBXGroup;
			children = (
				5A09A33A3A1A99446C8A88DC /* HistoryView.swift */,
			);
			path = History;
			sourceTree = "<group>";
		};
		73D80C56FA670F92E007E712 /* Views */ = {
			isa = PBXGroup;
			children = (
				2EF415E84544334B25BD8E26 /* Components */,
				DABAA3652C0B0A54CFC3221B /* Control */,
				0C1185300420EEF31B892A3A /* Files */,
				5A40B212F0D2055C1C499FCC /* History */,
				0D9369EE2F3374EAA1EF332E /* Terminal */,
			);
			path = Views;
			sourceTree = "<group>";
		};
		AB86DCEEB152D8EA7E8CBD86 = {
			isa = PBXGroup;
			children = (
				C86E333A0549E3B163391090 /* OpenAgentDashboard */,
				279F9B8FE97DDCBF76C2E85E /* Products */,
			);
			sourceTree = "<group>";
		};
		C786EDDB39D9D19A1A112CE9 /* Models */ = {
			isa = PBXGroup;
			children = (
				3CB591B632D3EF26AB217976 /* ChatMessage.swift */,
				BA70A2A73D3A386EAFD69FC4 /* FileEntry.swift */,
				D4AB47CF121ABA1946A4D879 /* Mission.swift */,
			);
			path = Models;
			sourceTree = "<group>";
		};
		C86E333A0549E3B163391090 /* OpenAgentDashboard */ = {
			isa = PBXGroup;
			children = (
				66A48A20D2178760301256C9 /* Assets.xcassets */,
				99B57FC3136B64DC87413CA6 /* ContentView.swift */,
				4D3D6B3EA3B04DE534F9709A /* Info.plist */,
				43A2EBAE84C0FFDCA5E1D66E /* OpenAgentDashboard.entitlements */,
				139C740B7D55C13F3B167EF3 /* OpenAgentDashboardApp.swift */,
				1B2400F48D7D400DF42A11F0 /* DesignSystem */,
				C786EDDB39D9D19A1A112CE9 /* Models */,
				E9CA77690CC753DF6D133ACC /* Services */,
				73D80C56FA670F92E007E712 /* Views */,
			);
			path = OpenAgentDashboard;
			sourceTree = "<group>";
		};
		DABAA3652C0B0A54CFC3221B /* Control */ = {
			isa = PBXGroup;
			children = (
				A84519FDE8FC75084938B292 /* ControlView.swift */,
			);
			path = Control;
			sourceTree = "<group>";
		};
		E9CA77690CC753DF6D133ACC /* Services */ = {
			isa = PBXGroup;
			children = (
				CBC90C32FEF604E025FFBF78 /* APIService.swift */,
			);
			path = Services;
			sourceTree = "<group>";
		};
/* End PBXGroup section */

/* Begin PBXNativeTarget section */
		DD68473111E6CED00E695F44 /* OpenAgentDashboard */ = {
			isa = PBXNativeTarget;
			buildConfigurationList = 36DB69EB7A3A5AEB4D9D3B57 /* Build configuration list for PBXNativeTarget "OpenAgentDashboard" */;
			buildPhases = (
				BE523DA1714AE19926D7309A /* Sources */,
				F834FCE2F6EA811F16BF98AE /* Resources */,
			);
			buildRules = (
			);
			dependencies = (
			);
			name = OpenAgentDashboard;
			packageProductDependencies = (
			);
			productName = OpenAgentDashboard;
			productReference = F51395D8FB559D3C79AAA0A4 /* Open Agent.app */;
			productType = "com.apple.product-type.application";
		};
/* End PBXNativeTarget section */

/* Begin PBXProject section */
		F2797B25B56CE919907DC4F7 /* Project object */ = {
			isa = PBXProject;
			attributes = {
				BuildIndependentTargetsInParallel = YES;
				LastUpgradeCheck = 1600;
			};
			buildConfigurationList = DFB11F92DB10F2E14DD9B35E /* Build configuration list for PBXProject "OpenAgentDashboard" */;
			compatibilityVersion = "Xcode 14.0";
			developmentRegion = en;
			hasScannedForEncodings = 0;
			knownRegions = (
				Base,
				en,
			);
			mainGroup = AB86DCEEB152D8EA7E8CBD86;
			minimizedProjectReferenceProxies = 1;
			projectDirPath = "";
			projectRoot = "";
			targets = (
				DD68473111E6CED00E695F44 /* OpenAgentDashboard */,
			);
		};
/* End PBXProject section */

/* Begin PBXResourcesBuildPhase section */
		F834FCE2F6EA811F16BF98AE /* Resources */ = {
			isa = PBXResourcesBuildPhase;
			buildActionMask = 2147483647;
			files = (
				0620B298DEF91DFCAE050DAC /* Assets.xcassets in Resources */,
			);
			runOnlyForDeploymentPostprocessing = 0;
		};
/* End PBXResourcesBuildPhase section */

/* Begin PBXSourcesBuildPhase section */
		BE523DA1714AE19926D7309A /* Sources */ = {
			isa = PBXSourcesBuildPhase;
			buildActionMask = 2147483647;
			files = (
				D64972881E36894950658708 /* APIService.swift in Sources */,
				CA70EC5A864C3D007D42E781 /* ChatMessage.swift in Sources */,
				AA02567226057045DDD61CB1 /* ContentView.swift in Sources */,
				02DB7F25245D03FF72DD8E2E /* ControlView.swift in Sources */,
				5152C5313CD5AC01276D0AE6 /* FileEntry.swift in Sources */,
				6B87076797C9DFA01E24CC76 /* FilesView.swift in Sources */,
				DA4634D7424AF3FC985987E7 /* GlassButton.swift in Sources */,
				999ACAA94B0BD81A05288092 /* GlassCard.swift in Sources */,
				29372E691F6A5C5D2CCD9331 /* HistoryView.swift in Sources */,
				6865FE997D3E1D91D411F6BC /* LoadingView.swift in Sources */,
				9BC40E40E1B5622B24328AEB /* Mission.swift in Sources */,
				FF9C447978711CBA9185B8B0 /* OpenAgentDashboardApp.swift in Sources */,
				FA7E68F22D16E1AC0B5F5E22 /* StatusBadge.swift in Sources */,
				4D0CF2666262F45370D000DF /* TerminalView.swift in Sources */,
				4B50B97618C0CC469FF64592 /* Theme.swift in Sources */,
			);
			runOnlyForDeploymentPostprocessing = 0;
		};
/* End PBXSourcesBuildPhase section */

/* Begin XCBuildConfiguration section */
		387AE8B7392A5AF971AD749A /* Debug */ = {
			isa = XCBuildConfiguration;
			buildSettings = {
				ASSETCATALOG_COMPILER_APPICON_NAME = AppIcon;
				ASSETCATALOG_COMPILER_GLOBAL_ACCENT_COLOR_NAME = AccentColor;
				CODE_SIGN_ENTITLEMENTS = OpenAgentDashboard/OpenAgentDashboard.entitlements;
				CODE_SIGN_IDENTITY = "iPhone Developer";
				DEVELOPMENT_TEAM = BQ6Z84B8L5;
				GENERATE_INFOPLIST_FILE = NO;
				INFOPLIST_FILE = OpenAgentDashboard/Info.plist;
				IPHONEOS_DEPLOYMENT_TARGET = 18.0;
				LD_RUNPATH_SEARCH_PATHS = (
					"$(inherited)",
					"@executable_path/Frameworks",
				);
				PRODUCT_BUNDLE_IDENTIFIER = md.thomas.openagent.dashboard;
				PRODUCT_NAME = "Open Agent";
				SDKROOT = iphoneos;
				SWIFT_EMIT_LOC_STRINGS = YES;
				TARGETED_DEVICE_FAMILY = "1,2";
			};
			name = Debug;
		};
		9A248EB7DD7B3E88A6324395 /* Debug */ = {
			isa = XCBuildConfiguration;
			buildSettings = {
				ALWAYS_SEARCH_USER_PATHS = NO;
				CLANG_ANALYZER_NONNULL = YES;
				CLANG_ANALYZER_NUMBER_OBJECT_CONVERSION = YES_AGGRESSIVE;
				CLANG_CXX_LANGUAGE_STANDARD = "gnu++14";
				CLANG_CXX_LIBRARY = "libc++";
				CLANG_ENABLE_MODULES = YES;
				CLANG_ENABLE_OBJC_ARC = YES;
				CLANG_ENABLE_OBJC_WEAK = YES;
				CLANG_WARN_BLOCK_CAPTURE_AUTORELEASING = YES;
				CLANG_WARN_BOOL_CONVERSION = YES;
				CLANG_WARN_COMMA = YES;
				CLANG_WARN_CONSTANT_CONVERSION = YES;
				CLANG_WARN_DEPRECATED_OBJC_IMPLEMENTATIONS = YES;
				CLANG_WARN_DIRECT_OBJC_ISA_USAGE = YES_ERROR;
				CLANG_WARN_DOCUMENTATION_COMMENTS = YES;
				CLANG_WARN_EMPTY_BODY = YES;
				CLANG_WARN_ENUM_CONVERSION = YES;
				CLANG_WARN_INFINITE_RECURSION = YES;
				CLANG_WARN_INT_CONVERSION = YES;
				CLANG_WARN_NON_LITERAL_NULL_CONVERSION = YES;
				CLANG_WARN_OBJC_IMPLICIT_RETAIN_SELF = YES;
				CLANG_WARN_OBJC_LITERAL_CONVERSION = YES;
				CLANG_WARN_OBJC_ROOT_CLASS = YES_ERROR;
				CLANG_WARN_QUOTED_INCLUDE_IN_FRAMEWORK_HEADER = YES;
				CLANG_WARN_RANGE_LOOP_ANALYSIS = YES;
				CLANG_WARN_STRICT_PROTOTYPES = YES;
				CLANG_WARN_SUSPICIOUS_MOVE = YES;
				CLANG_WARN_UNGUARDED_AVAILABILITY = YES_AGGRESSIVE;
				CLANG_WARN_UNREACHABLE_CODE = YES;
				CLANG_WARN__DUPLICATE_METHOD_MATCH = YES;
				CODE_SIGNING_REQUIRED = NO;
				CODE_SIGN_ENTITLEMENTS = "";
				CODE_SIGN_IDENTITY = "";
				COPY_PHASE_STRIP = NO;
				DEBUG_INFORMATION_FORMAT = dwarf;
				DEVELOPMENT_TEAM = "";
				ENABLE_PREVIEWS = YES;
				ENABLE_STRICT_OBJC_MSGSEND = YES;
				ENABLE_TESTABILITY = YES;
				GCC_C_LANGUAGE_STANDARD = gnu11;
				GCC_DYNAMIC_NO_PIC = NO;
				GCC_NO_COMMON_BLOCKS = YES;
				GCC_OPTIMIZATION_LEVEL = 0;
				GCC_PREPROCESSOR_DEFINITIONS = (
					"$(inherited)",
					"DEBUG=1",
				);
				GCC_WARN_64_TO_32_BIT_CONVERSION = YES;
				GCC_WARN_ABOUT_RETURN_TYPE = YES_ERROR;
				GCC_WARN_UNDECLARED_SELECTOR = YES;
				GCC_WARN_UNINITIALIZED_AUTOS = YES_AGGRESSIVE;
				GCC_WARN_UNUSED_FUNCTION = YES;
				GCC_WARN_UNUSED_VARIABLE = YES;
				IPHONEOS_DEPLOYMENT_TARGET = 18.0;
				MTL_ENABLE_DEBUG_INFO = INCLUDE_SOURCE;
				MTL_FAST_MATH = YES;
				ONLY_ACTIVE_ARCH = YES;
				PRODUCT_NAME = "$(TARGET_NAME)";
				SDKROOT = iphoneos;
				SWIFT_ACTIVE_COMPILATION_CONDITIONS = DEBUG;
				SWIFT_OPTIMIZATION_LEVEL = "-Onone";
				SWIFT_VERSION = 6.0;
			};
			name = Debug;
		};
		ADC68A4DC006EED0F9D123CC /* Release */ = {
			isa = XCBuildConfiguration;
			buildSettings = {
				ASSETCATALOG_COMPILER_APPICON_NAME = AppIcon;
				ASSETCATALOG_COMPILER_GLOBAL_ACCENT_COLOR_NAME = AccentColor;
				CODE_SIGN_ENTITLEMENTS = OpenAgentDashboard/OpenAgentDashboard.entitlements;
				CODE_SIGN_IDENTITY = "iPhone Developer";
				DEVELOPMENT_TEAM = BQ6Z84B8L5;
				GENERATE_INFOPLIST_FILE = NO;
				INFOPLIST_FILE = OpenAgentDashboard/Info.plist;
				IPHONEOS_DEPLOYMENT_TARGET = 18.0;
				LD_RUNPATH_SEARCH_PATHS = (
					"$(inherited)",
					"@executable_path/Frameworks",
				);
				PRODUCT_BUNDLE_IDENTIFIER = md.thomas.openagent.dashboard;
				PRODUCT_NAME = "Open Agent";
				SDKROOT = iphoneos;
				SWIFT_EMIT_LOC_STRINGS = YES;
				TARGETED_DEVICE_FAMILY = "1,2";
			};
			name = Release;
		};
		B45295B3864E2C7973AE65C3 /* Release */ = {
			isa = XCBuildConfiguration;
			buildSettings = {
				ALWAYS_SEARCH_USER_PATHS = NO;
				CLANG_ANALYZER_NONNULL = YES;
				CLANG_ANALYZER_NUMBER_OBJECT_CONVERSION = YES_AGGRESSIVE;
				CLANG_CXX_LANGUAGE_STANDARD = "gnu++14";
				CLANG_CXX_LIBRARY = "libc++";
				CLANG_ENABLE_MODULES = YES;
				CLANG_ENABLE_OBJC_ARC = YES;
				CLANG_ENABLE_OBJC_WEAK = YES;
				CLANG_WARN_BLOCK_CAPTURE_AUTORELEASING = YES;
				CLANG_WARN_BOOL_CONVERSION = YES;
				CLANG_WARN_COMMA = YES;
				CLANG_WARN_CONSTANT_CONVERSION = YES;
				CLANG_WARN_DEPRECATED_OBJC_IMPLEMENTATIONS = YES;
				CLANG_WARN_DIRECT_OBJC_ISA_USAGE = YES_ERROR;
				CLANG_WARN_DOCUMENTATION_COMMENTS = YES;
				CLANG_WARN_EMPTY_BODY = YES;
				CLANG_WARN_ENUM_CONVERSION = YES;
				CLANG_WARN_INFINITE_RECURSION = YES;
				CLANG_WARN_INT_CONVERSION = YES;
				CLANG_WARN_NON_LITERAL_NULL_CONVERSION = YES;
				CLANG_WARN_OBJC_IMPLICIT_RETAIN_SELF = YES;
				CLANG_WARN_OBJC_LITERAL_CONVERSION = YES;
				CLANG_WARN_OBJC_ROOT_CLASS = YES_ERROR;
				CLANG_WARN_QUOTED_INCLUDE_IN_FRAMEWORK_HEADER = YES;
				CLANG_WARN_RANGE_LOOP_ANALYSIS = YES;
				CLANG_WARN_STRICT_PROTOTYPES = YES;
				CLANG_WARN_SUSPICIOUS_MOVE = YES;
				CLANG_WARN_UNGUARDED_AVAILABILITY = YES_AGGRESSIVE;
				CLANG_WARN_UNREACHABLE_CODE = YES;
				CLANG_WARN__DUPLICATE_METHOD_MATCH = YES;
				CODE_SIGNING_REQUIRED = NO;
				CODE_SIGN_ENTITLEMENTS = "";
				CODE_SIGN_IDENTITY = "";
				COPY_PHASE_STRIP = NO;
				DEBUG_INFORMATION_FORMAT = "dwarf-with-dsym";
				DEVELOPMENT_TEAM = "";
				ENABLE_NS_ASSERTIONS = NO;
				ENABLE_PREVIEWS = YES;
				ENABLE_STRICT_OBJC_MSGSEND = YES;
				GCC_C_LANGUAGE_STANDARD = gnu11;
				GCC_NO_COMMON_BLOCKS = YES;
				GCC_WARN_64_TO_32_BIT_CONVERSION = YES;
				GCC_WARN_ABOUT_RETURN_TYPE = YES_ERROR;
				GCC_WARN_UNDECLARED_SELECTOR = YES;
				GCC_WARN_UNINITIALIZED_AUTOS = YES_AGGRESSIVE;
				GCC_WARN_UNUSED_FUNCTION = YES;
				GCC_WARN_UNUSED_VARIABLE = YES;
				IPHONEOS_DEPLOYMENT_TARGET = 18.0;
				MTL_ENABLE_DEBUG_INFO = NO;
				MTL_FAST_MATH = YES;
				PRODUCT_NAME = "$(TARGET_NAME)";
				SDKROOT = iphoneos;
				SWIFT_COMPILATION_MODE = wholemodule;
				SWIFT_OPTIMIZATION_LEVEL = "-O";
				SWIFT_VERSION = 6.0;
			};
			name = Release;
		};
/* End XCBuildConfiguration section */

/* Begin XCConfigurationList section */
		36DB69EB7A3A5AEB4D9D3B57 /* Build configuration list for PBXNativeTarget "OpenAgentDashboard" */ = {
			isa = XCConfigurationList;
			buildConfigurations = (
				387AE8B7392A5AF971AD749A /* Debug */,
				ADC68A4DC006EED0F9D123CC /* Release */,
			);
			defaultConfigurationIsVisible = 0;
			defaultConfigurationName = Debug;
		};
		DFB11F92DB10F2E14DD9B35E /* Build configuration list for PBXProject "OpenAgentDashboard" */ = {
			isa = XCConfigurationList;
			buildConfigurations = (
				9A248EB7DD7B3E88A6324395 /* Debug */,
				B45295B3864E2C7973AE65C3 /* Release */,
			);
			defaultConfigurationIsVisible = 0;
			defaultConfigurationName = Debug;
		};
/* End XCConfigurationList section */
	};
	rootObject = F2797B25B56CE919907DC4F7 /* Project object */;
}
